
Microsoft Visual Studio Solution File, Format Version 12.00
# Visual Studio 15
VisualStudioVersion = 15.0.28307.136
MinimumVisualStudioVersion = 10.0.40219.1
Project("{FAE04EC0-301F-11D3-BF4B-00C04F79EFBC}") = "Week 5-1", "Week 5-1\Week 5-1.csproj", "{4D1479AA-AA39-4152-96C2-052BAB44FF70}"
EndProject
Global
	GlobalSection(SolutionConfigurationPlatforms) = preSolution
		Debug|Any CPU = Debug|Any CPU
		Release|Any CPU = Release|Any CPU
	EndGlobalSection
	GlobalSection(ProjectConfigurationPlatforms) = postSolution
		{4D1479AA-AA39-4152-96C2-052BAB44FF70}.Debug|Any CPU.ActiveCfg = Debug|Any CPU
		{4D1479AA-AA39-4152-96C2-052BAB44FF70}.Debug|Any CPU.Build.0 = Debug|Any CPU
		{4D1479AA-AA39-4152-96C2-052BAB44FF70}.Release|Any CPU.ActiveCfg = Release|Any CPU
		{4D1479AA-AA39-4152-96C2-052BAB44FF70}.Release|Any CPU.Build.0 = Release|Any CPU
	EndGlobalSection
	GlobalSection(SolutionProperties) = preSolution
		HideSolutionNode = FALSE
	EndGlobalSection
	GlobalSection(ExtensibilityGlobals) = postSolution
		SolutionGuid = {FE0B762F-DA8B-4FFC-B065-3C6C2E6C207E}
	EndGlobalSection
EndGlobal
