
Microsoft Visual Studio Solution File, Format Version 12.00
# Visual Studio 15
VisualStudioVersion = 15.0.28307.136
MinimumVisualStudioVersion = 10.0.40219.1
Project("{FAE04EC0-301F-11D3-BF4B-00C04F79EFBC}") = "pcs4 week 4 -1", "pcs4 week 4 -1\pcs4 week 4 -1.csproj", "{6FEAE7D5-71D4-458F-9C41-7EE52C93A295}"
EndProject
Global
	GlobalSection(SolutionConfigurationPlatforms) = preSolution
		Debug|Any CPU = Debug|Any CPU
		Release|Any CPU = Release|Any CPU
	EndGlobalSection
	GlobalSection(ProjectConfigurationPlatforms) = postSolution
		{6FEAE7D5-71D4-458F-9C41-7EE52C93A295}.Debug|Any CPU.ActiveCfg = Debug|Any CPU
		{6FEAE7D5-71D4-458F-9C41-7EE52C93A295}.Debug|Any CPU.Build.0 = Debug|Any CPU
		{6FEAE7D5-71D4-458F-9C41-7EE52C93A295}.Release|Any CPU.ActiveCfg = Release|Any CPU
		{6FEAE7D5-71D4-458F-9C41-7EE52C93A295}.Release|Any CPU.Build.0 = Release|Any CPU
	EndGlobalSection
	GlobalSection(SolutionProperties) = preSolution
		HideSolutionNode = FALSE
	EndGlobalSection
	GlobalSection(ExtensibilityGlobals) = postSolution
		SolutionGuid = {E2917C49-DE13-472B-99F8-50CEEFF9D110}
	EndGlobalSection
EndGlobal
